
Microsoft Visual Studio Solution File, Format Version 12.00
# Visual Studio Version 17
VisualStudioVersion = 17.4.33122.133
MinimumVisualStudioVersion = 10.0.40219.1
Project("{FAE04EC0-301F-11D3-BF4B-00C04F79EFBC}") = "pizda", "pizda\pizda.csproj", "{FE668D43-129C-449A-BF42-0BAA0C0D55D2}"
EndProject
Global
	GlobalSection(SolutionConfigurationPlatforms) = preSolution
		Debug|Any CPU = Debug|Any CPU
		Release|Any CPU = Release|Any CPU
	EndGlobalSection
	GlobalSection(ProjectConfigurationPlatforms) = postSolution
		{FE668D43-129C-449A-BF42-0BAA0C0D55D2}.Debug|Any CPU.ActiveCfg = Debug|Any CPU
		{FE668D43-129C-449A-BF42-0BAA0C0D55D2}.Debug|Any CPU.Build.0 = Debug|Any CPU
		{FE668D43-129C-449A-BF42-0BAA0C0D55D2}.Release|Any CPU.ActiveCfg = Release|Any CPU
		{FE668D43-129C-449A-BF42-0BAA0C0D55D2}.Release|Any CPU.Build.0 = Release|Any CPU
	EndGlobalSection
	GlobalSection(SolutionProperties) = preSolution
		HideSolutionNode = FALSE
	EndGlobalSection
	GlobalSection(ExtensibilityGlobals) = postSolution
		SolutionGuid = {7E9408AE-D9A9-47B8-8AA9-2AC5360ACD1D}
	EndGlobalSection
EndGlobal
